// !$*UTF8*$!
{
	archiveVersion = 1;
	classes = {
	};
	objectVersion = 77;
	objects = {

/* Begin PBXBuildFile section */
		CE0D4D072D6DED8E00CC3B19 /* RxCocoa in Frameworks */ = {isa = PBXBuildFile; productRef = CE0D4D062D6DED8E00CC3B19 /* RxCocoa */; };
		CE0D4D092D6DED8E00CC3B19 /* RxSwift in Frameworks */ = {isa = PBXBuildFile; productRef = CE0D4D082D6DED8E00CC3B19 /* RxSwift */; };
		CE251E322D79191600725E95 /* WebKit.framework in Frameworks */ = {isa = PBXBuildFile; fileRef = CE251E312D79191600725E95 /* WebKit.framework */; };
		CE9BBEA02D76DBF800B17E9D /* RealmSwift in Frameworks */ = {isa = PBXBuildFile; productRef = CE9BBE9F2D76DBF800B17E9D /* RealmSwift */; };
		CE9BBEA12D76DC0900B17E9D /* RealmSwift in Embed Frameworks */ = {isa = PBXBuildFile; productRef = CE9BBE9F2D76DBF800B17E9D /* RealmSwift */; settings = {ATTRIBUTES = (CodeSignOnCopy, ); }; };
		CE9BBF002D771C0700B17E9D /* Toast in Frameworks */ = {isa = PBXBuildFile; productRef = CE9BBEFF2D771C0700B17E9D /* Toast */; };
		CEC4C2B92D3790820067CEA8 /* Kingfisher in Frameworks */ = {isa = PBXBuildFile; productRef = CEC4C2B82D3790820067CEA8 /* Kingfisher */; };
		CEC4C2BC2D37908C0067CEA8 /* Alamofire in Frameworks */ = {isa = PBXBuildFile; productRef = CEC4C2BB2D37908C0067CEA8 /* Alamofire */; };
		CEC4C2BF2D3790960067CEA8 /* SnapKit in Frameworks */ = {isa = PBXBuildFile; productRef = CEC4C2BE2D3790960067CEA8 /* SnapKit */; };
		CEC4C3642D3798BF0067CEA8 /* .gitignore in Resources */ = {isa = PBXBuildFile; fileRef = CEC4C3632D3798BF0067CEA8 /* .gitignore */; };
/* End PBXBuildFile section */

/* Begin PBXCopyFilesBuildPhase section */
		CE9BBEA22D76DC0900B17E9D /* Embed Frameworks */ = {
			isa = PBXCopyFilesBuildPhase;
			buildActionMask = 2147483647;
			dstPath = "";
			dstSubfolderSpec = 10;
			files = (
				CE9BBEA12D76DC0900B17E9D /* RealmSwift in Embed Frameworks */,
			);
			name = "Embed Frameworks";
			runOnlyForDeploymentPostprocessing = 0;
		};
/* End PBXCopyFilesBuildPhase section */

/* Begin PBXFileReference section */
		CE251E312D79191600725E95 /* WebKit.framework */ = {isa = PBXFileReference; lastKnownFileType = wrapper.framework; name = WebKit.framework; path = System/Library/Frameworks/WebKit.framework; sourceTree = SDKROOT; };
		CEC4C2782D378F7D0067CEA8 /* ShoppingAPI.app */ = {isa = PBXFileReference; explicitFileType = wrapper.application; includeInIndex = 0; path = ShoppingAPI.app; sourceTree = BUILT_PRODUCTS_DIR; };
		CEC4C3632D3798BF0067CEA8 /* .gitignore */ = {isa = PBXFileReference; lastKnownFileType = text; path = .gitignore; sourceTree = "<group>"; };
/* End PBXFileReference section */

/* Begin PBXFileSystemSynchronizedBuildFileExceptionSet section */
		CEC4C28A2D378F7E0067CEA8 /* Exceptions for "ShoppingAPI" folder in "ShoppingAPI" target */ = {
			isa = PBXFileSystemSynchronizedBuildFileExceptionSet;
			membershipExceptions = (
				Info.plist,
			);
			target = CEC4C2772D378F7D0067CEA8 /* ShoppingAPI */;
		};
/* End PBXFileSystemSynchronizedBuildFileExceptionSet section */

/* Begin PBXFileSystemSynchronizedRootGroup section */
		CEC4C27A2D378F7D0067CEA8 /* ShoppingAPI */ = {
			isa = PBXFileSystemSynchronizedRootGroup;
			exceptions = (
				CEC4C28A2D378F7E0067CEA8 /* Exceptions for "ShoppingAPI" folder in "ShoppingAPI" target */,
			);
			path = ShoppingAPI;
			sourceTree = "<group>";
		};
/* End PBXFileSystemSynchronizedRootGroup section */

/* Begin PBXFrameworksBuildPhase section */
		CEC4C2752D378F7D0067CEA8 /* Frameworks */ = {
			isa = PBXFrameworksBuildPhase;
			buildActionMask = 2147483647;
			files = (
				CE251E322D79191600725E95 /* WebKit.framework in Frameworks */,
				CE9BBEA02D76DBF800B17E9D /* RealmSwift in Frameworks */,
				CEC4C2BF2D3790960067CEA8 /* SnapKit in Frameworks */,
				CEC4C2B92D3790820067CEA8 /* Kingfisher in Frameworks */,
				CE0D4D092D6DED8E00CC3B19 /* RxSwift in Frameworks */,
				CE0D4D072D6DED8E00CC3B19 /* RxCocoa in Frameworks */,
				CE9BBF002D771C0700B17E9D /* Toast in Frameworks */,
				CEC4C2BC2D37908C0067CEA8 /* Alamofire in Frameworks */,
			);
			runOnlyForDeploymentPostprocessing = 0;
		};
/* End PBXFrameworksBuildPhase section */

/* Begin PBXGroup section */
		CE251E302D79191600725E95 /* Frameworks */ = {
			isa = PBXGroup;
			children = (
				CE251E312D79191600725E95 /* WebKit.framework */,
			);
			name = Frameworks;
			sourceTree = "<group>";
		};
		CEC4C26F2D378F7D0067CEA8 = {
			isa = PBXGroup;
			children = (
				CEC4C3632D3798BF0067CEA8 /* .gitignore */,
				CEC4C27A2D378F7D0067CEA8 /* ShoppingAPI */,
				CE251E302D79191600725E95 /* Frameworks */,
				CEC4C2792D378F7D0067CEA8 /* Products */,
			);
			sourceTree = "<group>";
		};
		CEC4C2792D378F7D0067CEA8 /* Products */ = {
			isa = PBXGroup;
			children = (
				CEC4C2782D378F7D0067CEA8 /* ShoppingAPI.app */,
			);
			name = Products;
			sourceTree = "<group>";
		};
/* End PBXGroup section */

/* Begin PBXNativeTarget section */
		CEC4C2772D378F7D0067CEA8 /* ShoppingAPI */ = {
			isa = PBXNativeTarget;
			buildConfigurationList = CEC4C28B2D378F7E0067CEA8 /* Build configuration list for PBXNativeTarget "ShoppingAPI" */;
			buildPhases = (
				CEC4C2742D378F7D0067CEA8 /* Sources */,
				CEC4C2752D378F7D0067CEA8 /* Frameworks */,
				CEC4C2762D378F7D0067CEA8 /* Resources */,
				CE9BBEA22D76DC0900B17E9D /* Embed Frameworks */,
			);
			buildRules = (
			);
			dependencies = (
			);
			fileSystemSynchronizedGroups = (
				CEC4C27A2D378F7D0067CEA8 /* ShoppingAPI */,
			);
			name = ShoppingAPI;
			packageProductDependencies = (
				CEC4C2B82D3790820067CEA8 /* Kingfisher */,
				CEC4C2BB2D37908C0067CEA8 /* Alamofire */,
				CEC4C2BE2D3790960067CEA8 /* SnapKit */,
				CE0D4D062D6DED8E00CC3B19 /* RxCocoa */,
				CE0D4D082D6DED8E00CC3B19 /* RxSwift */,
				CE9BBE9F2D76DBF800B17E9D /* RealmSwift */,
				CE9BBEFF2D771C0700B17E9D /* Toast */,
			);
			productName = ShoppingAPI;
			productReference = CEC4C2782D378F7D0067CEA8 /* ShoppingAPI.app */;
			productType = "com.apple.product-type.application";
		};
/* End PBXNativeTarget section */

/* Begin PBXProject section */
		CEC4C2702D378F7D0067CEA8 /* Project object */ = {
			isa = PBXProject;
			attributes = {
				BuildIndependentTargetsInParallel = 1;
				LastSwiftUpdateCheck = 1620;
				LastUpgradeCheck = 1620;
				TargetAttributes = {
					CEC4C2772D378F7D0067CEA8 = {
						CreatedOnToolsVersion = 16.2;
					};
				};
			};
			buildConfigurationList = CEC4C2732D378F7D0067CEA8 /* Build configuration list for PBXProject "ShoppingAPI" */;
			developmentRegion = en;
			hasScannedForEncodings = 0;
			knownRegions = (
				en,
				Base,
			);
			mainGroup = CEC4C26F2D378F7D0067CEA8;
			minimizedProjectReferenceProxies = 1;
			packageReferences = (
				CEC4C2B72D3790820067CEA8 /* XCRemoteSwiftPackageReference "Kingfisher" */,
				CEC4C2BA2D37908C0067CEA8 /* XCRemoteSwiftPackageReference "Alamofire" */,
				CEC4C2BD2D3790960067CEA8 /* XCRemoteSwiftPackageReference "SnapKit" */,
				CE0D4D052D6DED8E00CC3B19 /* XCRemoteSwiftPackageReference "RxSwift" */,
				CE9BBE9E2D76DBF800B17E9D /* XCRemoteSwiftPackageReference "realm-swift" */,
				CE9BBEFE2D771C0700B17E9D /* XCRemoteSwiftPackageReference "Toast-Swift" */,
			);
			preferredProjectObjectVersion = 77;
			productRefGroup = CEC4C2792D378F7D0067CEA8 /* Products */;
			projectDirPath = "";
			projectRoot = "";
			targets = (
				CEC4C2772D378F7D0067CEA8 /* ShoppingAPI */,
			);
		};
/* End PBXProject section */

/* Begin PBXResourcesBuildPhase section */
		CEC4C2762D378F7D0067CEA8 /* Resources */ = {
			isa = PBXResourcesBuildPhase;
			buildActionMask = 2147483647;
			files = (
				CEC4C3642D3798BF0067CEA8 /* .gitignore in Resources */,
			);
			runOnlyForDeploymentPostprocessing = 0;
		};
/* End PBXResourcesBuildPhase section */

/* Begin PBXSourcesBuildPhase section */
		CEC4C2742D378F7D0067CEA8 /* Sources */ = {
			isa = PBXSourcesBuildPhase;
			buildActionMask = 2147483647;
			files = (
			);
			runOnlyForDeploymentPostprocessing = 0;
		};
/* End PBXSourcesBuildPhase section */

/* Begin XCBuildConfiguration section */
		CEC4C28C2D378F7E0067CEA8 /* Debug */ = {
			isa = XCBuildConfiguration;
			buildSettings = {
				ASSETCATALOG_COMPILER_APPICON_NAME = AppIcon;
				ASSETCATALOG_COMPILER_GLOBAL_ACCENT_COLOR_NAME = AccentColor;
				CODE_SIGN_STYLE = Automatic;
				CURRENT_PROJECT_VERSION = 1;
				GENERATE_INFOPLIST_FILE = YES;
				INFOPLIST_FILE = ShoppingAPI/Info.plist;
				INFOPLIST_KEY_UIApplicationSupportsIndirectInputEvents = YES;
				INFOPLIST_KEY_UILaunchStoryboardName = LaunchScreen;
				INFOPLIST_KEY_UIMainStoryboardFile = "";
				INFOPLIST_KEY_UISupportedInterfaceOrientations_iPad = "UIInterfaceOrientationPortrait UIInterfaceOrientationPortraitUpsideDown UIInterfaceOrientationLandscapeLeft UIInterfaceOrientationLandscapeRight";
				INFOPLIST_KEY_UISupportedInterfaceOrientations_iPhone = "UIInterfaceOrientationPortrait UIInterfaceOrientationLandscapeLeft UIInterfaceOrientationLandscapeRight";
				LD_RUNPATH_SEARCH_PATHS = (
					"$(inherited)",
					"@executable_path/Frameworks",
				);
				MARKETING_VERSION = 1.0;
				PRODUCT_BUNDLE_IDENTIFIER = me.choi.jeongan.ShoppingAPI;
				PRODUCT_NAME = "$(TARGET_NAME)";
				SUPPORTED_PLATFORMS = "iphoneos iphonesimulator";
				SUPPORTS_MACCATALYST = NO;
				SUPPORTS_MAC_DESIGNED_FOR_IPHONE_IPAD = NO;
				SUPPORTS_XR_DESIGNED_FOR_IPHONE_IPAD = NO;
				SWIFT_EMIT_LOC_STRINGS = YES;
				SWIFT_VERSION = 5.0;
				TARGETED_DEVICE_FAMILY = 1;
			};
			name = Debug;
		};
		CEC4C28D2D378F7E0067CEA8 /* Release */ = {
			isa = XCBuildConfiguration;
			buildSettings = {
				ASSETCATALOG_COMPILER_APPICON_NAME = AppIcon;
				ASSETCATALOG_COMPILER_GLOBAL_ACCENT_COLOR_NAME = AccentColor;
				CODE_SIGN_STYLE = Automatic;
				CURRENT_PROJECT_VERSION = 1;
				GENERATE_INFOPLIST_FILE = YES;
				INFOPLIST_FILE = ShoppingAPI/Info.plist;
				INFOPLIST_KEY_UIApplicationSupportsIndirectInputEvents = YES;
				INFOPLIST_KEY_UILaunchStoryboardName = LaunchScreen;
				INFOPLIST_KEY_UIMainStoryboardFile = "";
				INFOPLIST_KEY_UISupportedInterfaceOrientations_iPad = "UIInterfaceOrientationPortrait UIInterfaceOrientationPortraitUpsideDown UIInterfaceOrientationLandscapeLeft UIInterfaceOrientationLandscapeRight";
				INFOPLIST_KEY_UISupportedInterfaceOrientations_iPhone = "UIInterfaceOrientationPortrait UIInterfaceOrientationLandscapeLeft UIInterfaceOrientationLandscapeRight";
				LD_RUNPATH_SEARCH_PATHS = (
					"$(inherited)",
					"@executable_path/Frameworks",
				);
				MARKETING_VERSION = 1.0;
				PRODUCT_BUNDLE_IDENTIFIER = me.choi.jeongan.ShoppingAPI;
				PRODUCT_NAME = "$(TARGET_NAME)";
				SUPPORTED_PLATFORMS = "iphoneos iphonesimulator";
				SUPPORTS_MACCATALYST = NO;
				SUPPORTS_MAC_DESIGNED_FOR_IPHONE_IPAD = NO;
				SUPPORTS_XR_DESIGNED_FOR_IPHONE_IPAD = NO;
				SWIFT_EMIT_LOC_STRINGS = YES;
				SWIFT_VERSION = 5.0;
				TARGETED_DEVICE_FAMILY = 1;
			};
			name = Release;
		};
		CEC4C28E2D378F7E0067CEA8 /* Debug */ = {
			isa = XCBuildConfiguration;
			buildSettings = {
				ALWAYS_SEARCH_USER_PATHS = NO;
				ASSETCATALOG_COMPILER_GENERATE_SWIFT_ASSET_SYMBOL_EXTENSIONS = YES;
				CLANG_ANALYZER_NONNULL = YES;
				CLANG_ANALYZER_NUMBER_OBJECT_CONVERSION = YES_AGGRESSIVE;
				CLANG_CXX_LANGUAGE_STANDARD = "gnu++20";
				CLANG_ENABLE_MODULES = YES;
				CLANG_ENABLE_OBJC_ARC = YES;
				CLANG_ENABLE_OBJC_WEAK = YES;
				CLANG_WARN_BLOCK_CAPTURE_AUTORELEASING = YES;
				CLANG_WARN_BOOL_CONVERSION = YES;
				CLANG_WARN_COMMA = YES;
				CLANG_WARN_CONSTANT_CONVERSION = YES;
				CLANG_WARN_DEPRECATED_OBJC_IMPLEMENTATIONS = YES;
				CLANG_WARN_DIRECT_OBJC_ISA_USAGE = YES_ERROR;
				CLANG_WARN_DOCUMENTATION_COMMENTS = YES;
				CLANG_WARN_EMPTY_BODY = YES;
				CLANG_WARN_ENUM_CONVERSION = YES;
				CLANG_WARN_INFINITE_RECURSION = YES;
				CLANG_WARN_INT_CONVERSION = YES;
				CLANG_WARN_NON_LITERAL_NULL_CONVERSION = YES;
				CLANG_WARN_OBJC_IMPLICIT_RETAIN_SELF = YES;
				CLANG_WARN_OBJC_LITERAL_CONVERSION = YES;
				CLANG_WARN_OBJC_ROOT_CLASS = YES_ERROR;
				CLANG_WARN_QUOTED_INCLUDE_IN_FRAMEWORK_HEADER = YES;
				CLANG_WARN_RANGE_LOOP_ANALYSIS = YES;
				CLANG_WARN_STRICT_PROTOTYPES = YES;
				CLANG_WARN_SUSPICIOUS_MOVE = YES;
				CLANG_WARN_UNGUARDED_AVAILABILITY = YES_AGGRESSIVE;
				CLANG_WARN_UNREACHABLE_CODE = YES;
				CLANG_WARN__DUPLICATE_METHOD_MATCH = YES;
				COPY_PHASE_STRIP = NO;
				DEBUG_INFORMATION_FORMAT = dwarf;
				ENABLE_STRICT_OBJC_MSGSEND = YES;
				ENABLE_TESTABILITY = YES;
				ENABLE_USER_SCRIPT_SANDBOXING = YES;
				GCC_C_LANGUAGE_STANDARD = gnu17;
				GCC_DYNAMIC_NO_PIC = NO;
				GCC_NO_COMMON_BLOCKS = YES;
				GCC_OPTIMIZATION_LEVEL = 0;
				GCC_PREPROCESSOR_DEFINITIONS = (
					"DEBUG=1",
					"$(inherited)",
				);
				GCC_WARN_64_TO_32_BIT_CONVERSION = YES;
				GCC_WARN_ABOUT_RETURN_TYPE = YES_ERROR;
				GCC_WARN_UNDECLARED_SELECTOR = YES;
				GCC_WARN_UNINITIALIZED_AUTOS = YES_AGGRESSIVE;
				GCC_WARN_UNUSED_FUNCTION = YES;
				GCC_WARN_UNUSED_VARIABLE = YES;
				IPHONEOS_DEPLOYMENT_TARGET = 18.2;
				LOCALIZATION_PREFERS_STRING_CATALOGS = YES;
				MTL_ENABLE_DEBUG_INFO = INCLUDE_SOURCE;
				MTL_FAST_MATH = YES;
				ONLY_ACTIVE_ARCH = YES;
				SDKROOT = iphoneos;
				SWIFT_ACTIVE_COMPILATION_CONDITIONS = "DEBUG $(inherited)";
				SWIFT_OPTIMIZATION_LEVEL = "-Onone";
			};
			name = Debug;
		};
		CEC4C28F2D378F7E0067CEA8 /* Release */ = {
			isa = XCBuildConfiguration;
			buildSettings = {
				ALWAYS_SEARCH_USER_PATHS = NO;
				ASSETCATALOG_COMPILER_GENERATE_SWIFT_ASSET_SYMBOL_EXTENSIONS = YES;
				CLANG_ANALYZER_NONNULL = YES;
				CLANG_ANALYZER_NUMBER_OBJECT_CONVERSION = YES_AGGRESSIVE;
				CLANG_CXX_LANGUAGE_STANDARD = "gnu++20";
				CLANG_ENABLE_MODULES = YES;
				CLANG_ENABLE_OBJC_ARC = YES;
				CLANG_ENABLE_OBJC_WEAK = YES;
				CLANG_WARN_BLOCK_CAPTURE_AUTORELEASING = YES;
				CLANG_WARN_BOOL_CONVERSION = YES;
				CLANG_WARN_COMMA = YES;
				CLANG_WARN_CONSTANT_CONVERSION = YES;
				CLANG_WARN_DEPRECATED_OBJC_IMPLEMENTATIONS = YES;
				CLANG_WARN_DIRECT_OBJC_ISA_USAGE = YES_ERROR;
				CLANG_WARN_DOCUMENTATION_COMMENTS = YES;
				CLANG_WARN_EMPTY_BODY = YES;
				CLANG_WARN_ENUM_CONVERSION = YES;
				CLANG_WARN_INFINITE_RECURSION = YES;
				CLANG_WARN_INT_CONVERSION = YES;
				CLANG_WARN_NON_LITERAL_NULL_CONVERSION = YES;
				CLANG_WARN_OBJC_IMPLICIT_RETAIN_SELF = YES;
				CLANG_WARN_OBJC_LITERAL_CONVERSION = YES;
				CLANG_WARN_OBJC_ROOT_CLASS = YES_ERROR;
				CLANG_WARN_QUOTED_INCLUDE_IN_FRAMEWORK_HEADER = YES;
				CLANG_WARN_RANGE_LOOP_ANALYSIS = YES;
				CLANG_WARN_STRICT_PROTOTYPES = YES;
				CLANG_WARN_SUSPICIOUS_MOVE = YES;
				CLANG_WARN_UNGUARDED_AVAILABILITY = YES_AGGRESSIVE;
				CLANG_WARN_UNREACHABLE_CODE = YES;
				CLANG_WARN__DUPLICATE_METHOD_MATCH = YES;
				COPY_PHASE_STRIP = NO;
				DEBUG_INFORMATION_FORMAT = "dwarf-with-dsym";
				ENABLE_NS_ASSERTIONS = NO;
				ENABLE_STRICT_OBJC_MSGSEND = YES;
				ENABLE_USER_SCRIPT_SANDBOXING = YES;
				GCC_C_LANGUAGE_STANDARD = gnu17;
				GCC_NO_COMMON_BLOCKS = YES;
				GCC_WARN_64_TO_32_BIT_CONVERSION = YES;
				GCC_WARN_ABOUT_RETURN_TYPE = YES_ERROR;
				GCC_WARN_UNDECLARED_SELECTOR = YES;
				GCC_WARN_UNINITIALIZED_AUTOS = YES_AGGRESSIVE;
				GCC_WARN_UNUSED_FUNCTION = YES;
				GCC_WARN_UNUSED_VARIABLE = YES;
				IPHONEOS_DEPLOYMENT_TARGET = 18.2;
				LOCALIZATION_PREFERS_STRING_CATALOGS = YES;
				MTL_ENABLE_DEBUG_INFO = NO;
				MTL_FAST_MATH = YES;
				SDKROOT = iphoneos;
				SWIFT_COMPILATION_MODE = wholemodule;
				VALIDATE_PRODUCT = YES;
			};
			name = Release;
		};
/* End XCBuildConfiguration section */

/* Begin XCConfigurationList section */
		CEC4C2732D378F7D0067CEA8 /* Build configuration list for PBXProject "ShoppingAPI" */ = {
			isa = XCConfigurationList;
			buildConfigurations = (
				CEC4C28E2D378F7E0067CEA8 /* Debug */,
				CEC4C28F2D378F7E0067CEA8 /* Release */,
			);
			defaultConfigurationIsVisible = 0;
			defaultConfigurationName = Release;
		};
		CEC4C28B2D378F7E0067CEA8 /* Build configuration list for PBXNativeTarget "ShoppingAPI" */ = {
			isa = XCConfigurationList;
			buildConfigurations = (
				CEC4C28C2D378F7E0067CEA8 /* Debug */,
				CEC4C28D2D378F7E0067CEA8 /* Release */,
			);
			defaultConfigurationIsVisible = 0;
			defaultConfigurationName = Release;
		};
/* End XCConfigurationList section */

/* Begin XCRemoteSwiftPackageReference section */
		CE0D4D052D6DED8E00CC3B19 /* XCRemoteSwiftPackageReference "RxSwift" */ = {
			isa = XCRemoteSwiftPackageReference;
			repositoryURL = "https://github.com/ReactiveX/RxSwift.git";
			requirement = {
				kind = upToNextMajorVersion;
				minimumVersion = 6.9.0;
			};
		};
		CE9BBE9E2D76DBF800B17E9D /* XCRemoteSwiftPackageReference "realm-swift" */ = {
			isa = XCRemoteSwiftPackageReference;
			repositoryURL = "https://github.com/realm/realm-swift.git";
			requirement = {
				kind = exactVersion;
				version = 20.0.1;
			};
		};
		CE9BBEFE2D771C0700B17E9D /* XCRemoteSwiftPackageReference "Toast-Swift" */ = {
			isa = XCRemoteSwiftPackageReference;
			repositoryURL = "https://github.com/scalessec/Toast-Swift.git";
			requirement = {
				kind = upToNextMajorVersion;
				minimumVersion = 5.1.1;
			};
		};
		CEC4C2B72D3790820067CEA8 /* XCRemoteSwiftPackageReference "Kingfisher" */ = {
			isa = XCRemoteSwiftPackageReference;
			repositoryURL = "https://github.com/onevcat/Kingfisher.git";
			requirement = {
				kind = upToNextMajorVersion;
				minimumVersion = 8.1.3;
			};
		};
		CEC4C2BA2D37908C0067CEA8 /* XCRemoteSwiftPackageReference "Alamofire" */ = {
			isa = XCRemoteSwiftPackageReference;
			repositoryURL = "https://github.com/Alamofire/Alamofire.git";
			requirement = {
				kind = upToNextMajorVersion;
				minimumVersion = 5.10.2;
			};
		};
		CEC4C2BD2D3790960067CEA8 /* XCRemoteSwiftPackageReference "SnapKit" */ = {
			isa = XCRemoteSwiftPackageReference;
			repositoryURL = "https://github.com/SnapKit/SnapKit.git";
			requirement = {
				kind = upToNextMajorVersion;
				minimumVersion = 5.7.1;
			};
		};
/* End XCRemoteSwiftPackageReference section */

/* Begin XCSwiftPackageProductDependency section */
		CE0D4D062D6DED8E00CC3B19 /* RxCocoa */ = {
			isa = XCSwiftPackageProductDependency;
			package = CE0D4D052D6DED8E00CC3B19 /* XCRemoteSwiftPackageReference "RxSwift" */;
			productName = RxCocoa;
		};
		CE0D4D082D6DED8E00CC3B19 /* RxSwift */ = {
			isa = XCSwiftPackageProductDependency;
			package = CE0D4D052D6DED8E00CC3B19 /* XCRemoteSwiftPackageReference "RxSwift" */;
			productName = RxSwift;
		};
		CE9BBE9F2D76DBF800B17E9D /* RealmSwift */ = {
			isa = XCSwiftPackageProductDependency;
			package = CE9BBE9E2D76DBF800B17E9D /* XCRemoteSwiftPackageReference "realm-swift" */;
			productName = RealmSwift;
		};
		CE9BBEFF2D771C0700B17E9D /* Toast */ = {
			isa = XCSwiftPackageProductDependency;
			package = CE9BBEFE2D771C0700B17E9D /* XCRemoteSwiftPackageReference "Toast-Swift" */;
			productName = Toast;
		};
		CEC4C2B82D3790820067CEA8 /* Kingfisher */ = {
			isa = XCSwiftPackageProductDependency;
			package = CEC4C2B72D3790820067CEA8 /* XCRemoteSwiftPackageReference "Kingfisher" */;
			productName = Kingfisher;
		};
		CEC4C2BB2D37908C0067CEA8 /* Alamofire */ = {
			isa = XCSwiftPackageProductDependency;
			package = CEC4C2BA2D37908C0067CEA8 /* XCRemoteSwiftPackageReference "Alamofire" */;
			productName = Alamofire;
		};
		CEC4C2BE2D3790960067CEA8 /* SnapKit */ = {
			isa = XCSwiftPackageProductDependency;
			package = CEC4C2BD2D3790960067CEA8 /* XCRemoteSwiftPackageReference "SnapKit" */;
			productName = SnapKit;
		};
/* End XCSwiftPackageProductDependency section */
	};
	rootObject = CEC4C2702D378F7D0067CEA8 /* Project object */;
}
